
Microsoft Visual Studio Solution File, Format Version 12.00
# Visual Studio Version 16
VisualStudioVersion = 16.0.31129.286
MinimumVisualStudioVersion = 10.0.40219.1
Project("{FAE04EC0-301F-11D3-BF4B-00C04F79EFBC}") = "Ders9Keyword", "Ders9Keyword\Ders9Keyword.csproj", "{2106BA93-C739-4E92-8EB1-A35A4370530E}"
EndProject
Global
	GlobalSection(SolutionConfigurationPlatforms) = preSolution
		Debug|Any CPU = Debug|Any CPU
		Release|Any CPU = Release|Any CPU
	EndGlobalSection
	GlobalSection(ProjectConfigurationPlatforms) = postSolution
		{2106BA93-C739-4E92-8EB1-A35A4370530E}.Debug|Any CPU.ActiveCfg = Debug|Any CPU
		{2106BA93-C739-4E92-8EB1-A35A4370530E}.Debug|Any CPU.Build.0 = Debug|Any CPU
		{2106BA93-C739-4E92-8EB1-A35A4370530E}.Release|Any CPU.ActiveCfg = Release|Any CPU
		{2106BA93-C739-4E92-8EB1-A35A4370530E}.Release|Any CPU.Build.0 = Release|Any CPU
	EndGlobalSection
	GlobalSection(SolutionProperties) = preSolution
		HideSolutionNode = FALSE
	EndGlobalSection
	GlobalSection(ExtensibilityGlobals) = postSolution
		SolutionGuid = {5240C566-CC87-48C4-BBD6-E0D0CCE3BF0E}
	EndGlobalSection
EndGlobal
